%{"meck": {:git, "git://github.com/eproxus/meck.git", "dde759050eff19a1a80fd854d7375174b191665d", [tag: "0.8.2"]},
  "mock": {:git, "git://github.com/jjh42/mock.git", "4a34f1d5c4a9bf918e0dc461fd56d7855038d9c6", []},
  "thrift": {:git, "ssh://git@phabricator.pinadmin.com/diffusion/EXT/elixir-thrift.git", "4cc47d4e43fea2d51b8da8a4ebb86e948e30e964", [submodules: true]}}
